
Microsoft Visual Studio Solution File, Format Version 12.00
Project("{FAE04EC0-301F-11D3-BF4B-00C04F79EFBC}") = "Dewey.Dms.FileService.Hdfs", "Dewey.Dms.FileService.Hdfs\Dewey.Dms.FileService.Hdfs.csproj", "{D359387B-1623-4670-B038-0CAA932E4F13}"
EndProject
Project("{FAE04EC0-301F-11D3-BF4B-00C04F79EFBC}") = "Dewey.Dms.FileService.Hdfs.Tests", "Dewey.Dms.FileService.Hdfs.Tests\Dewey.Dms.FileService.Hdfs.Tests.csproj", "{12DE5E58-D45F-44F2-A8A1-C572137C87BD}"
EndProject
Project("{FAE04EC0-301F-11D3-BF4B-00C04F79EFBC}") = "Dewey.Dms.FileService.Hbase", "Dewey.Dms.FileService.Hbase\Dewey.Dms.FileService.Hbase.csproj", "{21CDB572-B626-4D7B-BF02-E26CC214B1FA}"
EndProject
Project("{FAE04EC0-301F-11D3-BF4B-00C04F79EFBC}") = "Dewey.Dms.FileService.Hbase.Tests", "Dewey.Dms.FileService.Hbase.Tests\Dewey.Dms.FileService.Hbase.Tests.csproj", "{E04F1FFA-E5B4-4BB6-B418-0963DB9794AB}"
EndProject
Project("{FAE04EC0-301F-11D3-BF4B-00C04F79EFBC}") = "Dewey.HBase.Stargate.Client", "Dewey.HBase.Stargate.Client\Dewey.HBase.Stargate.Client.csproj", "{08176CC5-9BE0-47D4-989D-D6E3966FEAC9}"
EndProject
Project("{FAE04EC0-301F-11D3-BF4B-00C04F79EFBC}") = "Dewey.Dms.IdentityProvider", "Dewey.Dms.IdentityProvider\Dewey.Dms.IdentityProvider.csproj", "{08E3AAAD-F9A3-4B7D-AEAE-A7C8EAB32B2A}"
EndProject
Project("{FAE04EC0-301F-11D3-BF4B-00C04F79EFBC}") = "Dewey.Dms.FileService.Api", "Dewey.Dms.FileService.Api\Dewey.Dms.FileService.Api.csproj", "{CA69868F-8B1B-4B34-A36A-649CCFEC2552}"
EndProject
Project("{FAE04EC0-301F-11D3-BF4B-00C04F79EFBC}") = "Dewey.Dms.FileService.Services", "Dewey.Dms.FileService.Services\Dewey.Dms.FileService.Services.csproj", "{1EC45CCD-20F8-4653-8593-DBE4AFCB75FA}"
EndProject
Project("{FAE04EC0-301F-11D3-BF4B-00C04F79EFBC}") = "Dewey.Dms.Core", "Dewey.Dms.Core\Dewey.Dms.Core.csproj", "{04A5AB37-1E77-428F-AA14-50D5C8B76663}"
EndProject
Global
	GlobalSection(SolutionConfigurationPlatforms) = preSolution
		Debug|Any CPU = Debug|Any CPU
		Release|Any CPU = Release|Any CPU
	EndGlobalSection
	GlobalSection(ProjectConfigurationPlatforms) = postSolution
		{D359387B-1623-4670-B038-0CAA932E4F13}.Debug|Any CPU.ActiveCfg = Debug|Any CPU
		{D359387B-1623-4670-B038-0CAA932E4F13}.Debug|Any CPU.Build.0 = Debug|Any CPU
		{D359387B-1623-4670-B038-0CAA932E4F13}.Release|Any CPU.ActiveCfg = Release|Any CPU
		{D359387B-1623-4670-B038-0CAA932E4F13}.Release|Any CPU.Build.0 = Release|Any CPU
		{12DE5E58-D45F-44F2-A8A1-C572137C87BD}.Debug|Any CPU.ActiveCfg = Debug|Any CPU
		{12DE5E58-D45F-44F2-A8A1-C572137C87BD}.Debug|Any CPU.Build.0 = Debug|Any CPU
		{12DE5E58-D45F-44F2-A8A1-C572137C87BD}.Release|Any CPU.ActiveCfg = Release|Any CPU
		{12DE5E58-D45F-44F2-A8A1-C572137C87BD}.Release|Any CPU.Build.0 = Release|Any CPU
		{21CDB572-B626-4D7B-BF02-E26CC214B1FA}.Debug|Any CPU.ActiveCfg = Debug|Any CPU
		{21CDB572-B626-4D7B-BF02-E26CC214B1FA}.Debug|Any CPU.Build.0 = Debug|Any CPU
		{21CDB572-B626-4D7B-BF02-E26CC214B1FA}.Release|Any CPU.ActiveCfg = Release|Any CPU
		{21CDB572-B626-4D7B-BF02-E26CC214B1FA}.Release|Any CPU.Build.0 = Release|Any CPU
		{E04F1FFA-E5B4-4BB6-B418-0963DB9794AB}.Debug|Any CPU.ActiveCfg = Debug|Any CPU
		{E04F1FFA-E5B4-4BB6-B418-0963DB9794AB}.Debug|Any CPU.Build.0 = Debug|Any CPU
		{E04F1FFA-E5B4-4BB6-B418-0963DB9794AB}.Release|Any CPU.ActiveCfg = Release|Any CPU
		{E04F1FFA-E5B4-4BB6-B418-0963DB9794AB}.Release|Any CPU.Build.0 = Release|Any CPU
		{08176CC5-9BE0-47D4-989D-D6E3966FEAC9}.Debug|Any CPU.ActiveCfg = Debug|Any CPU
		{08176CC5-9BE0-47D4-989D-D6E3966FEAC9}.Debug|Any CPU.Build.0 = Debug|Any CPU
		{08176CC5-9BE0-47D4-989D-D6E3966FEAC9}.Release|Any CPU.ActiveCfg = Release|Any CPU
		{08176CC5-9BE0-47D4-989D-D6E3966FEAC9}.Release|Any CPU.Build.0 = Release|Any CPU
		{08E3AAAD-F9A3-4B7D-AEAE-A7C8EAB32B2A}.Debug|Any CPU.ActiveCfg = Debug|Any CPU
		{08E3AAAD-F9A3-4B7D-AEAE-A7C8EAB32B2A}.Debug|Any CPU.Build.0 = Debug|Any CPU
		{08E3AAAD-F9A3-4B7D-AEAE-A7C8EAB32B2A}.Release|Any CPU.ActiveCfg = Release|Any CPU
		{08E3AAAD-F9A3-4B7D-AEAE-A7C8EAB32B2A}.Release|Any CPU.Build.0 = Release|Any CPU
		{CA69868F-8B1B-4B34-A36A-649CCFEC2552}.Debug|Any CPU.ActiveCfg = Debug|Any CPU
		{CA69868F-8B1B-4B34-A36A-649CCFEC2552}.Debug|Any CPU.Build.0 = Debug|Any CPU
		{CA69868F-8B1B-4B34-A36A-649CCFEC2552}.Release|Any CPU.ActiveCfg = Release|Any CPU
		{CA69868F-8B1B-4B34-A36A-649CCFEC2552}.Release|Any CPU.Build.0 = Release|Any CPU
		{1EC45CCD-20F8-4653-8593-DBE4AFCB75FA}.Debug|Any CPU.ActiveCfg = Debug|Any CPU
		{1EC45CCD-20F8-4653-8593-DBE4AFCB75FA}.Debug|Any CPU.Build.0 = Debug|Any CPU
		{1EC45CCD-20F8-4653-8593-DBE4AFCB75FA}.Release|Any CPU.ActiveCfg = Release|Any CPU
		{1EC45CCD-20F8-4653-8593-DBE4AFCB75FA}.Release|Any CPU.Build.0 = Release|Any CPU
		{04A5AB37-1E77-428F-AA14-50D5C8B76663}.Debug|Any CPU.ActiveCfg = Debug|Any CPU
		{04A5AB37-1E77-428F-AA14-50D5C8B76663}.Debug|Any CPU.Build.0 = Debug|Any CPU
		{04A5AB37-1E77-428F-AA14-50D5C8B76663}.Release|Any CPU.ActiveCfg = Release|Any CPU
		{04A5AB37-1E77-428F-AA14-50D5C8B76663}.Release|Any CPU.Build.0 = Release|Any CPU
	EndGlobalSection
EndGlobal
